
Microsoft Visual Studio Solution File, Format Version 12.00
# Visual Studio Version 17
VisualStudioVersion = 17.2.32505.173
MinimumVisualStudioVersion = 10.0.40219.1
Project("{2150E333-8FDC-42A3-9474-1A3956D46DE8}") = "Services", "Services", "{C2FB86E4-8ACF-4C38-A8C8-CB407C53A3C7}"
EndProject
Project("{2150E333-8FDC-42A3-9474-1A3956D46DE8}") = "Speakers", "Speakers", "{AC86D9C5-F7E2-4FEC-B0BB-882B1C1A93C2}"
EndProject
Project("{9A19103F-16F7-4668-BE54-9A1E7A4F7556}") = "MeetupAPI.Services.Speakers.Contract", "Services\Speakers\MeetupAPI.Services.Speakers.Contract\MeetupAPI.Services.Speakers.Contract.csproj", "{4FE88526-EB2B-458A-854B-2B136767A2B0}"
EndProject
Project("{9A19103F-16F7-4668-BE54-9A1E7A4F7556}") = "MeetupAPI.Services.Speakers", "Services\Speakers\MeetupAPI.Services.Speakers\MeetupAPI.Services.Speakers.csproj", "{1EDA1CD8-7622-4A03-9313-45EDB6C2CF03}"
EndProject
Project("{9A19103F-16F7-4668-BE54-9A1E7A4F7556}") = "MeetupAPI.Services.Speakers.Migrations", "Services\Speakers\MeetupAPI.Services.Speakers.Migrations\MeetupAPI.Services.Speakers.Migrations.csproj", "{71ED2756-D749-4EC7-9D8C-12D1194695AB}"
EndProject
Project("{2150E333-8FDC-42A3-9474-1A3956D46DE8}") = "Shared", "Shared", "{E9D9B721-61EB-4C82-8B07-CF84ACABAEB2}"
EndProject
Project("{2150E333-8FDC-42A3-9474-1A3956D46DE8}") = "Core", "Core", "{93710B70-10C9-4D65-B7B4-502CD1FA405A}"
EndProject
Project("{9A19103F-16F7-4668-BE54-9A1E7A4F7556}") = "MeetupAPI.Services.Speakers.App", "Services\Speakers\MeetupAPI.Services.Speakers.App\MeetupAPI.Services.Speakers.App.csproj", "{4EF8C79A-96FC-4F7A-A9AE-867BFD04ADD8}"
EndProject
Project("{2150E333-8FDC-42A3-9474-1A3956D46DE8}") = "Services", "Services", "{C5F71819-2210-4486-9986-64057CCCF781}"
EndProject
Project("{9A19103F-16F7-4668-BE54-9A1E7A4F7556}") = "MeetupAPI.Services.Speakers.Client", "Services\Speakers\MeetupAPI.Services.Speakers.Client\MeetupAPI.Services.Speakers.Client.csproj", "{E2ECE498-99E8-4CF3-86A3-66BEA1049DDA}"
EndProject
Project("{2150E333-8FDC-42A3-9474-1A3956D46DE8}") = "Meetups", "Meetups", "{DE8E5AED-BB22-4D19-978A-3B347D9DCF04}"
EndProject
Project("{9A19103F-16F7-4668-BE54-9A1E7A4F7556}") = "MeetupAPI.Services.Meetups.Contract", "Services\Meetups\MeetupAPI.Services.Meetups.Contract\MeetupAPI.Services.Meetups.Contract.csproj", "{3C48C30F-3DAD-4243-ACF3-335A73750D72}"
EndProject
Project("{9A19103F-16F7-4668-BE54-9A1E7A4F7556}") = "MeetupAPI.Services.Meetups", "Services\Meetups\MeetupAPI.Services.Meetups\MeetupAPI.Services.Meetups.csproj", "{3668892A-33EC-4AEE-947D-28B7D99DC01D}"
EndProject
Project("{9A19103F-16F7-4668-BE54-9A1E7A4F7556}") = "MeetupAPI.Services.Meetups.Migrations", "Services\Meetups\MeetupAPI.Services.Meetups.Migrations\MeetupAPI.Services.Meetups.Migrations.csproj", "{A3228C85-5E02-4A45-BB88-F63F4C307437}"
EndProject
Project("{9A19103F-16F7-4668-BE54-9A1E7A4F7556}") = "MeetupAPI.Services.Meetups.App", "Services\Meetups\MeetupAPI.Services.Meetups.App\MeetupAPI.Services.Meetups.App.csproj", "{03904118-4FC5-4FD4-BF2F-073CF8FB0746}"
EndProject
Project("{FAE04EC0-301F-11D3-BF4B-00C04F79EFBC}") = "MeetupAPI.Services.Meetups.Client", "Services\Meetups\MeetupAPI.Services.Meetups.Client\MeetupAPI.Services.Meetups.Client.csproj", "{08C69077-3D97-4E48-B4B5-4AEAE931EC38}"
EndProject
Project("{2150E333-8FDC-42A3-9474-1A3956D46DE8}") = "Portal", "Portal", "{E1B5048F-5263-48EA-B8A1-A89FCC7D8310}"
EndProject
Project("{9A19103F-16F7-4668-BE54-9A1E7A4F7556}") = "MeetupAPI.Shared.Core", "Shared\Core\MeetupAPI.Shared.Core\MeetupAPI.Shared.Core.csproj", "{8F8650AE-3534-427D-8E8D-5DB5715D9830}"
EndProject
Project("{9A19103F-16F7-4668-BE54-9A1E7A4F7556}") = "MeetupAPI.Shared.Services", "Shared\Services\MeetupAPI.Shared.Services\MeetupAPI.Shared.Services.csproj", "{0EA88A74-CFB8-4959-BDB8-837CD30CC0E0}"
EndProject
Global
	GlobalSection(SolutionConfigurationPlatforms) = preSolution
		Debug|Any CPU = Debug|Any CPU
		Release|Any CPU = Release|Any CPU
	EndGlobalSection
	GlobalSection(ProjectConfigurationPlatforms) = postSolution
		{4FE88526-EB2B-458A-854B-2B136767A2B0}.Debug|Any CPU.ActiveCfg = Debug|Any CPU
		{4FE88526-EB2B-458A-854B-2B136767A2B0}.Debug|Any CPU.Build.0 = Debug|Any CPU
		{4FE88526-EB2B-458A-854B-2B136767A2B0}.Release|Any CPU.ActiveCfg = Release|Any CPU
		{4FE88526-EB2B-458A-854B-2B136767A2B0}.Release|Any CPU.Build.0 = Release|Any CPU
		{1EDA1CD8-7622-4A03-9313-45EDB6C2CF03}.Debug|Any CPU.ActiveCfg = Debug|Any CPU
		{1EDA1CD8-7622-4A03-9313-45EDB6C2CF03}.Debug|Any CPU.Build.0 = Debug|Any CPU
		{1EDA1CD8-7622-4A03-9313-45EDB6C2CF03}.Release|Any CPU.ActiveCfg = Release|Any CPU
		{1EDA1CD8-7622-4A03-9313-45EDB6C2CF03}.Release|Any CPU.Build.0 = Release|Any CPU
		{71ED2756-D749-4EC7-9D8C-12D1194695AB}.Debug|Any CPU.ActiveCfg = Debug|Any CPU
		{71ED2756-D749-4EC7-9D8C-12D1194695AB}.Debug|Any CPU.Build.0 = Debug|Any CPU
		{71ED2756-D749-4EC7-9D8C-12D1194695AB}.Release|Any CPU.ActiveCfg = Release|Any CPU
		{71ED2756-D749-4EC7-9D8C-12D1194695AB}.Release|Any CPU.Build.0 = Release|Any CPU
		{4EF8C79A-96FC-4F7A-A9AE-867BFD04ADD8}.Debug|Any CPU.ActiveCfg = Debug|Any CPU
		{4EF8C79A-96FC-4F7A-A9AE-867BFD04ADD8}.Debug|Any CPU.Build.0 = Debug|Any CPU
		{4EF8C79A-96FC-4F7A-A9AE-867BFD04ADD8}.Release|Any CPU.ActiveCfg = Release|Any CPU
		{4EF8C79A-96FC-4F7A-A9AE-867BFD04ADD8}.Release|Any CPU.Build.0 = Release|Any CPU
		{E2ECE498-99E8-4CF3-86A3-66BEA1049DDA}.Debug|Any CPU.ActiveCfg = Debug|Any CPU
		{E2ECE498-99E8-4CF3-86A3-66BEA1049DDA}.Debug|Any CPU.Build.0 = Debug|Any CPU
		{E2ECE498-99E8-4CF3-86A3-66BEA1049DDA}.Release|Any CPU.ActiveCfg = Release|Any CPU
		{E2ECE498-99E8-4CF3-86A3-66BEA1049DDA}.Release|Any CPU.Build.0 = Release|Any CPU
		{3C48C30F-3DAD-4243-ACF3-335A73750D72}.Debug|Any CPU.ActiveCfg = Debug|Any CPU
		{3C48C30F-3DAD-4243-ACF3-335A73750D72}.Debug|Any CPU.Build.0 = Debug|Any CPU
		{3C48C30F-3DAD-4243-ACF3-335A73750D72}.Release|Any CPU.ActiveCfg = Release|Any CPU
		{3C48C30F-3DAD-4243-ACF3-335A73750D72}.Release|Any CPU.Build.0 = Release|Any CPU
		{3668892A-33EC-4AEE-947D-28B7D99DC01D}.Debug|Any CPU.ActiveCfg = Debug|Any CPU
		{3668892A-33EC-4AEE-947D-28B7D99DC01D}.Debug|Any CPU.Build.0 = Debug|Any CPU
		{3668892A-33EC-4AEE-947D-28B7D99DC01D}.Release|Any CPU.ActiveCfg = Release|Any CPU
		{3668892A-33EC-4AEE-947D-28B7D99DC01D}.Release|Any CPU.Build.0 = Release|Any CPU
		{A3228C85-5E02-4A45-BB88-F63F4C307437}.Debug|Any CPU.ActiveCfg = Debug|Any CPU
		{A3228C85-5E02-4A45-BB88-F63F4C307437}.Debug|Any CPU.Build.0 = Debug|Any CPU
		{A3228C85-5E02-4A45-BB88-F63F4C307437}.Release|Any CPU.ActiveCfg = Release|Any CPU
		{A3228C85-5E02-4A45-BB88-F63F4C307437}.Release|Any CPU.Build.0 = Release|Any CPU
		{03904118-4FC5-4FD4-BF2F-073CF8FB0746}.Debug|Any CPU.ActiveCfg = Debug|Any CPU
		{03904118-4FC5-4FD4-BF2F-073CF8FB0746}.Debug|Any CPU.Build.0 = Debug|Any CPU
		{03904118-4FC5-4FD4-BF2F-073CF8FB0746}.Release|Any CPU.ActiveCfg = Release|Any CPU
		{03904118-4FC5-4FD4-BF2F-073CF8FB0746}.Release|Any CPU.Build.0 = Release|Any CPU
		{08C69077-3D97-4E48-B4B5-4AEAE931EC38}.Debug|Any CPU.ActiveCfg = Debug|Any CPU
		{08C69077-3D97-4E48-B4B5-4AEAE931EC38}.Debug|Any CPU.Build.0 = Debug|Any CPU
		{08C69077-3D97-4E48-B4B5-4AEAE931EC38}.Release|Any CPU.ActiveCfg = Release|Any CPU
		{08C69077-3D97-4E48-B4B5-4AEAE931EC38}.Release|Any CPU.Build.0 = Release|Any CPU
		{8F8650AE-3534-427D-8E8D-5DB5715D9830}.Debug|Any CPU.ActiveCfg = Debug|Any CPU
		{8F8650AE-3534-427D-8E8D-5DB5715D9830}.Debug|Any CPU.Build.0 = Debug|Any CPU
		{8F8650AE-3534-427D-8E8D-5DB5715D9830}.Release|Any CPU.ActiveCfg = Release|Any CPU
		{8F8650AE-3534-427D-8E8D-5DB5715D9830}.Release|Any CPU.Build.0 = Release|Any CPU
		{0EA88A74-CFB8-4959-BDB8-837CD30CC0E0}.Debug|Any CPU.ActiveCfg = Debug|Any CPU
		{0EA88A74-CFB8-4959-BDB8-837CD30CC0E0}.Debug|Any CPU.Build.0 = Debug|Any CPU
		{0EA88A74-CFB8-4959-BDB8-837CD30CC0E0}.Release|Any CPU.ActiveCfg = Release|Any CPU
		{0EA88A74-CFB8-4959-BDB8-837CD30CC0E0}.Release|Any CPU.Build.0 = Release|Any CPU
	EndGlobalSection
	GlobalSection(SolutionProperties) = preSolution
		HideSolutionNode = FALSE
	EndGlobalSection
	GlobalSection(NestedProjects) = preSolution
		{AC86D9C5-F7E2-4FEC-B0BB-882B1C1A93C2} = {C2FB86E4-8ACF-4C38-A8C8-CB407C53A3C7}
		{4FE88526-EB2B-458A-854B-2B136767A2B0} = {AC86D9C5-F7E2-4FEC-B0BB-882B1C1A93C2}
		{1EDA1CD8-7622-4A03-9313-45EDB6C2CF03} = {AC86D9C5-F7E2-4FEC-B0BB-882B1C1A93C2}
		{71ED2756-D749-4EC7-9D8C-12D1194695AB} = {AC86D9C5-F7E2-4FEC-B0BB-882B1C1A93C2}
		{93710B70-10C9-4D65-B7B4-502CD1FA405A} = {E9D9B721-61EB-4C82-8B07-CF84ACABAEB2}
		{4EF8C79A-96FC-4F7A-A9AE-867BFD04ADD8} = {AC86D9C5-F7E2-4FEC-B0BB-882B1C1A93C2}
		{C5F71819-2210-4486-9986-64057CCCF781} = {E9D9B721-61EB-4C82-8B07-CF84ACABAEB2}
		{E2ECE498-99E8-4CF3-86A3-66BEA1049DDA} = {AC86D9C5-F7E2-4FEC-B0BB-882B1C1A93C2}
		{DE8E5AED-BB22-4D19-978A-3B347D9DCF04} = {C2FB86E4-8ACF-4C38-A8C8-CB407C53A3C7}
		{3C48C30F-3DAD-4243-ACF3-335A73750D72} = {DE8E5AED-BB22-4D19-978A-3B347D9DCF04}
		{3668892A-33EC-4AEE-947D-28B7D99DC01D} = {DE8E5AED-BB22-4D19-978A-3B347D9DCF04}
		{A3228C85-5E02-4A45-BB88-F63F4C307437} = {DE8E5AED-BB22-4D19-978A-3B347D9DCF04}
		{03904118-4FC5-4FD4-BF2F-073CF8FB0746} = {DE8E5AED-BB22-4D19-978A-3B347D9DCF04}
		{08C69077-3D97-4E48-B4B5-4AEAE931EC38} = {DE8E5AED-BB22-4D19-978A-3B347D9DCF04}
		{E1B5048F-5263-48EA-B8A1-A89FCC7D8310} = {C2FB86E4-8ACF-4C38-A8C8-CB407C53A3C7}
		{8F8650AE-3534-427D-8E8D-5DB5715D9830} = {93710B70-10C9-4D65-B7B4-502CD1FA405A}
		{0EA88A74-CFB8-4959-BDB8-837CD30CC0E0} = {C5F71819-2210-4486-9986-64057CCCF781}
	EndGlobalSection
	GlobalSection(ExtensibilityGlobals) = postSolution
		SolutionGuid = {83D0C51B-ED5B-460C-9CB2-56B918A7B832}
	EndGlobalSection
EndGlobal
